
Microsoft Visual Studio Solution File, Format Version 12.00
# Visual Studio Version 17
VisualStudioVersion = 17.0.32014.148
MinimumVisualStudioVersion = 10.0.40219.1
Project("{9A19103F-16F7-4668-BE54-9A1E7A4F7556}") = "FinalProject", "FinalProject\FinalProject.csproj", "{326CE0E8-63D7-4013-9C76-2C01F199C314}"
EndProject
Global
	GlobalSection(SolutionConfigurationPlatforms) = preSolution
		Debug|Any CPU = Debug|Any CPU
		Release|Any CPU = Release|Any CPU
	EndGlobalSection
	GlobalSection(ProjectConfigurationPlatforms) = postSolution
		{326CE0E8-63D7-4013-9C76-2C01F199C314}.Debug|Any CPU.ActiveCfg = Debug|Any CPU
		{326CE0E8-63D7-4013-9C76-2C01F199C314}.Debug|Any CPU.Build.0 = Debug|Any CPU
		{326CE0E8-63D7-4013-9C76-2C01F199C314}.Release|Any CPU.ActiveCfg = Release|Any CPU
		{326CE0E8-63D7-4013-9C76-2C01F199C314}.Release|Any CPU.Build.0 = Release|Any CPU
	EndGlobalSection
	GlobalSection(SolutionProperties) = preSolution
		HideSolutionNode = FALSE
	EndGlobalSection
	GlobalSection(ExtensibilityGlobals) = postSolution
		SolutionGuid = {493FBFB7-116D-489C-A8A2-CD8DBF95BF35}
	EndGlobalSection
EndGlobal
